# This file is automatically @generated by Poetry 1.4.2 and should not be changed by hand.

[[package]]
name = "azure-cognitiveservices-speech"
version = "1.28.0"
description = "Microsoft Cognitive Services Speech SDK for Python"
category = "main"
optional = false
python-versions = ">=3.7"
files = [
    {file = "azure_cognitiveservices_speech-1.28.0-py3-none-macosx_10_14_x86_64.whl", hash = "sha256:a6c277ec9c93f586dcc74d3a56a6aa0259f4cf371f5e03afcf169c691e2c4d0c"},
    {file = "azure_cognitiveservices_speech-1.28.0-py3-none-macosx_11_0_arm64.whl", hash = "sha256:a412c6c5bc528548e0ee5fc5fe89fb8351307d0c5ef7ac4d506fab3d58efcb4a"},
    {file = "azure_cognitiveservices_speech-1.28.0-py3-none-manylinux1_x86_64.whl", hash = "sha256:ceb5a8862da4ab861bd06653074a4e5dc2d66a54f03dd4dd9356da7672febbce"},
    {file = "azure_cognitiveservices_speech-1.28.0-py3-none-manylinux2014_aarch64.whl", hash = "sha256:d5cba32e9d8eaffc9d8f482c00950bc471f9dc4d7659c741c083e5e9d831b802"},
    {file = "azure_cognitiveservices_speech-1.28.0-py3-none-win32.whl", hash = "sha256:ac52c4549062771db5694346c1547334cf1bb0d08573a193c8dcec8386aa491d"},
    {file = "azure_cognitiveservices_speech-1.28.0-py3-none-win_amd64.whl", hash = "sha256:5ff042d81d7ff4e50be196419fcd2042e41a97cebb229e0940026e1314ff7751"},
]

[metadata]
lock-version = "2.0"
python-versions = "^3.11"
content-hash = "478aeefc65ffc3077b7af2b770828ad1c12f440551771af1d9d8653088deabf9"
